
Microsoft Visual Studio Solution File, Format Version 12.00
# Visual Studio Version 16
VisualStudioVersion = 16.0.31515.178
MinimumVisualStudioVersion = 10.0.40219.1
Project("{888888A0-9F3D-457C-B088-3A5042F75D52}") = "MovieGuide", "MovieGuide.pyproj", "{585CC3F9-7314-44A8-AD69-447A046BC5C0}"
EndProject
Global
	GlobalSection(SolutionConfigurationPlatforms) = preSolution
		Debug|Any CPU = Debug|Any CPU
		Release|Any CPU = Release|Any CPU
	EndGlobalSection
	GlobalSection(ProjectConfigurationPlatforms) = postSolution
		{585CC3F9-7314-44A8-AD69-447A046BC5C0}.Debug|Any CPU.ActiveCfg = Debug|Any CPU
		{585CC3F9-7314-44A8-AD69-447A046BC5C0}.Release|Any CPU.ActiveCfg = Release|Any CPU
	EndGlobalSection
	GlobalSection(SolutionProperties) = preSolution
		HideSolutionNode = FALSE
	EndGlobalSection
	GlobalSection(ExtensibilityGlobals) = postSolution
		SolutionGuid = {96C05CEC-C008-4208-B6DC-EAE1FDC3156A}
	EndGlobalSection
EndGlobal
